// !$*UTF8*$!
{
	archiveVersion = 1;
	classes = {
	};
	objectVersion = 46;
	objects = {

/* Begin PBXBuildFile section */
		8867DB11173F29010055C4C4 /* BSTSlidingMenuViewController.m in Sources */ = {isa = PBXBuildFile; fileRef = 8867DB10173F29010055C4C4 /* BSTSlidingMenuViewController.m */; };
		8867DB16173F29BC0055C4C4 /* main.m in Sources */ = {isa = PBXBuildFile; fileRef = 8867DB15173F29BC0055C4C4 /* main.m */; };
		88B188AB173F335A0047FC44 /* LICENCE.txt in Resources */ = {isa = PBXBuildFile; fileRef = 88B188AA173F335A0047FC44 /* LICENCE.txt */; };
		A41AF728173EEEB9004D01B3 /* BSTMenuPinnedRightBottomVC.m in Sources */ = {isa = PBXBuildFile; fileRef = A41AF727173EEEB9004D01B3 /* BSTMenuPinnedRightBottomVC.m */; };
		A457AEF4173D958800272CEF /* BSTMenuPinnedLeftTopVC.m in Sources */ = {isa = PBXBuildFile; fileRef = A457AEF3173D958800272CEF /* BSTMenuPinnedLeftTopVC.m */; };
		A457AEF7173D95A900272CEF /* BSTMenuPinnedRightTopVC.m in Sources */ = {isa = PBXBuildFile; fileRef = A457AEF6173D95A900272CEF /* BSTMenuPinnedRightTopVC.m */; };
		A457AEFA173D98DF00272CEF /* BSTMenuPinnedLeftBottomVC.m in Sources */ = {isa = PBXBuildFile; fileRef = A457AEF9173D98DF00272CEF /* BSTMenuPinnedLeftBottomVC.m */; };
		A47BF218173C73A000677C82 /* InfoPlist.strings in Resources */ = {isa = PBXBuildFile; fileRef = A47BF216173C73A000677C82 /* InfoPlist.strings */; };
		A47BF21E173C73A000677C82 /* BSTDemoAppDelegate.m in Sources */ = {isa = PBXBuildFile; fileRef = A47BF21D173C73A000677C82 /* BSTDemoAppDelegate.m */; };
		A47BF220173C73A000677C82 /* Default.png in Resources */ = {isa = PBXBuildFile; fileRef = A47BF21F173C73A000677C82 /* Default.png */; };
		A47BF222173C73A000677C82 /* Default@2x.png in Resources */ = {isa = PBXBuildFile; fileRef = A47BF221173C73A000677C82 /* Default@2x.png */; };
		A47BF224173C73A000677C82 /* Default-568h@2x.png in Resources */ = {isa = PBXBuildFile; fileRef = A47BF223173C73A000677C82 /* Default-568h@2x.png */; };
		A47BF230173C73D800677C82 /* BSTDemoViewController.m in Sources */ = {isa = PBXBuildFile; fileRef = A47BF22F173C73D800677C82 /* BSTDemoViewController.m */; };
		A47BF233173C74B300677C82 /* BSTSharingMenu.m in Sources */ = {isa = PBXBuildFile; fileRef = A47BF232173C74B300677C82 /* BSTSharingMenu.m */; };
/* End PBXBuildFile section */

/* Begin PBXFileReference section */
		8867DB0F173F29010055C4C4 /* BSTSlidingMenuViewController.h */ = {isa = PBXFileReference; fileEncoding = 4; lastKnownFileType = sourcecode.c.h; path = BSTSlidingMenuViewController.h; sourceTree = "<group>"; };
		8867DB10173F29010055C4C4 /* BSTSlidingMenuViewController.m */ = {isa = PBXFileReference; fileEncoding = 4; lastKnownFileType = sourcecode.c.objc; path = BSTSlidingMenuViewController.m; sourceTree = "<group>"; };
		8867DB14173F29BC0055C4C4 /* BSTSlidingMenuDemo-Prefix.pch */ = {isa = PBXFileReference; fileEncoding = 4; lastKnownFileType = sourcecode.c.h; path = "BSTSlidingMenuDemo-Prefix.pch"; sourceTree = "<group>"; };
		8867DB15173F29BC0055C4C4 /* main.m */ = {isa = PBXFileReference; fileEncoding = 4; lastKnownFileType = sourcecode.c.objc; path = main.m; sourceTree = "<group>"; };
		8867DB17173F2ADA0055C4C4 /* Debug.xcconfig */ = {isa = PBXFileReference; fileEncoding = 4; lastKnownFileType = text.xcconfig; path = Debug.xcconfig; sourceTree = "<group>"; };
		8867DB18173F2ADA0055C4C4 /* Release.xcconfig */ = {isa = PBXFileReference; fileEncoding = 4; lastKnownFileType = text.xcconfig; path = Release.xcconfig; sourceTree = "<group>"; };
		8867DB19173F2ADA0055C4C4 /* Shared.xcconfig */ = {isa = PBXFileReference; fileEncoding = 4; lastKnownFileType = text.xcconfig; path = Shared.xcconfig; sourceTree = "<group>"; };
		8867DB1D173F2B830055C4C4 /* Demo-App.xcconfig */ = {isa = PBXFileReference; fileEncoding = 4; lastKnownFileType = text.xcconfig; path = "Demo-App.xcconfig"; sourceTree = "<group>"; };
		88B188A8173F2C6A0047FC44 /* README.md */ = {isa = PBXFileReference; fileEncoding = 4; lastKnownFileType = text; name = README.md; path = ../README.md; sourceTree = "<group>"; };
		88B188AA173F335A0047FC44 /* LICENCE.txt */ = {isa = PBXFileReference; fileEncoding = 4; lastKnownFileType = text; name = LICENCE.txt; path = ../LICENCE.txt; sourceTree = "<group>"; };
		A41AF726173EEEB9004D01B3 /* BSTMenuPinnedRightBottomVC.h */ = {isa = PBXFileReference; fileEncoding = 4; lastKnownFileType = sourcecode.c.h; path = BSTMenuPinnedRightBottomVC.h; sourceTree = "<group>"; };
		A41AF727173EEEB9004D01B3 /* BSTMenuPinnedRightBottomVC.m */ = {isa = PBXFileReference; fileEncoding = 4; lastKnownFileType = sourcecode.c.objc; path = BSTMenuPinnedRightBottomVC.m; sourceTree = "<group>"; };
		A457AEF2173D958800272CEF /* BSTMenuPinnedLeftTopVC.h */ = {isa = PBXFileReference; fileEncoding = 4; lastKnownFileType = sourcecode.c.h; path = BSTMenuPinnedLeftTopVC.h; sourceTree = "<group>"; };
		A457AEF3173D958800272CEF /* BSTMenuPinnedLeftTopVC.m */ = {isa = PBXFileReference; fileEncoding = 4; lastKnownFileType = sourcecode.c.objc; path = BSTMenuPinnedLeftTopVC.m; sourceTree = "<group>"; };
		A457AEF5173D95A900272CEF /* BSTMenuPinnedRightTopVC.h */ = {isa = PBXFileReference; fileEncoding = 4; lastKnownFileType = sourcecode.c.h; path = BSTMenuPinnedRightTopVC.h; sourceTree = "<group>"; };
		A457AEF6173D95A900272CEF /* BSTMenuPinnedRightTopVC.m */ = {isa = PBXFileReference; fileEncoding = 4; lastKnownFileType = sourcecode.c.objc; path = BSTMenuPinnedRightTopVC.m; sourceTree = "<group>"; };
		A457AEF8173D98DF00272CEF /* BSTMenuPinnedLeftBottomVC.h */ = {isa = PBXFileReference; fileEncoding = 4; lastKnownFileType = sourcecode.c.h; path = BSTMenuPinnedLeftBottomVC.h; sourceTree = "<group>"; };
		A457AEF9173D98DF00272CEF /* BSTMenuPinnedLeftBottomVC.m */ = {isa = PBXFileReference; fileEncoding = 4; lastKnownFileType = sourcecode.c.objc; path = BSTMenuPinnedLeftBottomVC.m; sourceTree = "<group>"; };
		A47BF20A173C73A000677C82 /* BSTSlidingMenuDemo.app */ = {isa = PBXFileReference; explicitFileType = wrapper.application; includeInIndex = 0; path = BSTSlidingMenuDemo.app; sourceTree = BUILT_PRODUCTS_DIR; };
		A47BF215173C73A000677C82 /* BSTSlidingMenuDemo-Info.plist */ = {isa = PBXFileReference; lastKnownFileType = text.plist.xml; path = "BSTSlidingMenuDemo-Info.plist"; sourceTree = "<group>"; };
		A47BF217173C73A000677C82 /* en */ = {isa = PBXFileReference; lastKnownFileType = text.plist.strings; name = en; path = en.lproj/InfoPlist.strings; sourceTree = "<group>"; };
		A47BF21C173C73A000677C82 /* BSTDemoAppDelegate.h */ = {isa = PBXFileReference; lastKnownFileType = sourcecode.c.h; path = BSTDemoAppDelegate.h; sourceTree = "<group>"; };
		A47BF21D173C73A000677C82 /* BSTDemoAppDelegate.m */ = {isa = PBXFileReference; lastKnownFileType = sourcecode.c.objc; path = BSTDemoAppDelegate.m; sourceTree = "<group>"; };
		A47BF21F173C73A000677C82 /* Default.png */ = {isa = PBXFileReference; lastKnownFileType = image.png; path = Default.png; sourceTree = "<group>"; };
		A47BF221173C73A000677C82 /* Default@2x.png */ = {isa = PBXFileReference; lastKnownFileType = image.png; path = "Default@2x.png"; sourceTree = "<group>"; };
		A47BF223173C73A000677C82 /* Default-568h@2x.png */ = {isa = PBXFileReference; lastKnownFileType = image.png; path = "Default-568h@2x.png"; sourceTree = "<group>"; };
		A47BF22E173C73D800677C82 /* BSTDemoViewController.h */ = {isa = PBXFileReference; fileEncoding = 4; lastKnownFileType = sourcecode.c.h; path = BSTDemoViewController.h; sourceTree = "<group>"; };
		A47BF22F173C73D800677C82 /* BSTDemoViewController.m */ = {isa = PBXFileReference; fileEncoding = 4; lastKnownFileType = sourcecode.c.objc; path = BSTDemoViewController.m; sourceTree = "<group>"; };
		A47BF231173C74B300677C82 /* BSTSharingMenu.h */ = {isa = PBXFileReference; fileEncoding = 4; lastKnownFileType = sourcecode.c.h; path = BSTSharingMenu.h; sourceTree = "<group>"; };
		A47BF232173C74B300677C82 /* BSTSharingMenu.m */ = {isa = PBXFileReference; fileEncoding = 4; lastKnownFileType = sourcecode.c.objc; path = BSTSharingMenu.m; sourceTree = "<group>"; };
/* End PBXFileReference section */

/* Begin PBXFrameworksBuildPhase section */
		A47BF207173C73A000677C82 /* Frameworks */ = {
			isa = PBXFrameworksBuildPhase;
			buildActionMask = 2147483647;
			files = (
			);
			runOnlyForDeploymentPostprocessing = 0;
		};
/* End PBXFrameworksBuildPhase section */

/* Begin PBXGroup section */
		8867DB12173F29680055C4C4 /* Configuration */ = {
			isa = PBXGroup;
			children = (
				88B188A6173F2BB90047FC44 /* Target */,
				88B188A7173F2BBE0047FC44 /* Project */,
			);
			name = Configuration;
			path = configuration;
			sourceTree = "<group>";
		};
		8867DB13173F29890055C4C4 /* BSTSlidingMenuDemo */ = {
			isa = PBXGroup;
			children = (
				A47BF213173C73A000677C82 /* Source */,
				A47BF214173C73A000677C82 /* Resources */,
				8867DB12173F29680055C4C4 /* Configuration */,
				A47BF20B173C73A000677C82 /* Products */,
			);
			name = BSTSlidingMenuDemo;
			sourceTree = "<group>";
		};
		88B188A6173F2BB90047FC44 /* Target */ = {
			isa = PBXGroup;
			children = (
				8867DB1D173F2B830055C4C4 /* Demo-App.xcconfig */,
			);
			name = Target;
			sourceTree = "<group>";
		};
		88B188A7173F2BBE0047FC44 /* Project */ = {
			isa = PBXGroup;
			children = (
				8867DB19173F2ADA0055C4C4 /* Shared.xcconfig */,
				8867DB17173F2ADA0055C4C4 /* Debug.xcconfig */,
				8867DB18173F2ADA0055C4C4 /* Release.xcconfig */,
			);
			name = Project;
			sourceTree = "<group>";
		};
		A47BF201173C73A000677C82 = {
			isa = PBXGroup;
			children = (
				88B188AA173F335A0047FC44 /* LICENCE.txt */,
				88B188A8173F2C6A0047FC44 /* README.md */,
				A47BF22A173C73B000677C82 /* BSTSlidingMenu */,
				8867DB13173F29890055C4C4 /* BSTSlidingMenuDemo */,
			);
			sourceTree = "<group>";
		};
		A47BF20B173C73A000677C82 /* Products */ = {
			isa = PBXGroup;
			children = (
				A47BF20A173C73A000677C82 /* BSTSlidingMenuDemo.app */,
			);
			name = Products;
			sourceTree = "<group>";
		};
		A47BF213173C73A000677C82 /* Source */ = {
			isa = PBXGroup;
			children = (
				A47BF21C173C73A000677C82 /* BSTDemoAppDelegate.h */,
				A47BF21D173C73A000677C82 /* BSTDemoAppDelegate.m */,
				A47BF22E173C73D800677C82 /* BSTDemoViewController.h */,
				A47BF22F173C73D800677C82 /* BSTDemoViewController.m */,
				A457AEF8173D98DF00272CEF /* BSTMenuPinnedLeftBottomVC.h */,
				A457AEF9173D98DF00272CEF /* BSTMenuPinnedLeftBottomVC.m */,
				A41AF726173EEEB9004D01B3 /* BSTMenuPinnedRightBottomVC.h */,
				A41AF727173EEEB9004D01B3 /* BSTMenuPinnedRightBottomVC.m */,
				A457AEF2173D958800272CEF /* BSTMenuPinnedLeftTopVC.h */,
				A457AEF3173D958800272CEF /* BSTMenuPinnedLeftTopVC.m */,
				A457AEF5173D95A900272CEF /* BSTMenuPinnedRightTopVC.h */,
				A457AEF6173D95A900272CEF /* BSTMenuPinnedRightTopVC.m */,
				A47BF231173C74B300677C82 /* BSTSharingMenu.h */,
				A47BF232173C74B300677C82 /* BSTSharingMenu.m */,
				8867DB14173F29BC0055C4C4 /* BSTSlidingMenuDemo-Prefix.pch */,
				8867DB15173F29BC0055C4C4 /* main.m */,
			);
			name = Source;
			path = src;
			sourceTree = "<group>";
		};
		A47BF214173C73A000677C82 /* Resources */ = {
			isa = PBXGroup;
			children = (
				A47BF215173C73A000677C82 /* BSTSlidingMenuDemo-Info.plist */,
				A47BF216173C73A000677C82 /* InfoPlist.strings */,
				A47BF21F173C73A000677C82 /* Default.png */,
				A47BF221173C73A000677C82 /* Default@2x.png */,
				A47BF223173C73A000677C82 /* Default-568h@2x.png */,
			);
			name = Resources;
			path = resources;
			sourceTree = "<group>";
		};
		A47BF22A173C73B000677C82 /* BSTSlidingMenu */ = {
			isa = PBXGroup;
			children = (
				8867DB0F173F29010055C4C4 /* BSTSlidingMenuViewController.h */,
				8867DB10173F29010055C4C4 /* BSTSlidingMenuViewController.m */,
			);
			name = BSTSlidingMenu;
			path = ../BSTSlidingMenu;
			sourceTree = "<group>";
		};
/* End PBXGroup section */

/* Begin PBXNativeTarget section */
		A47BF209173C73A000677C82 /* BSTSlidingMenuDemo */ = {
			isa = PBXNativeTarget;
			buildConfigurationList = A47BF227173C73A000677C82 /* Build configuration list for PBXNativeTarget "BSTSlidingMenuDemo" */;
			buildPhases = (
				A47BF206173C73A000677C82 /* Sources */,
				A47BF207173C73A000677C82 /* Frameworks */,
				A47BF208173C73A000677C82 /* Resources */,
			);
			buildRules = (
			);
			dependencies = (
			);
			name = BSTSlidingMenuDemo;
			productName = Demo;
			productReference = A47BF20A173C73A000677C82 /* BSTSlidingMenuDemo.app */;
			productType = "com.apple.product-type.application";
		};
/* End PBXNativeTarget section */

/* Begin PBXProject section */
		A47BF202173C73A000677C82 /* Project object */ = {
			isa = PBXProject;
			attributes = {
				CLASSPREFIX = BSTDemo;
				LastUpgradeCheck = 0460;
				ORGANIZATIONNAME = "Ben Thomas";
			};
			buildConfigurationList = A47BF205173C73A000677C82 /* Build configuration list for PBXProject "BSTSlidingMenuDemo" */;
			compatibilityVersion = "Xcode 3.2";
			developmentRegion = English;
			hasScannedForEncodings = 0;
			knownRegions = (
				en,
			);
			mainGroup = A47BF201173C73A000677C82;
			productRefGroup = A47BF20B173C73A000677C82 /* Products */;
			projectDirPath = "";
			projectRoot = "";
			targets = (
				A47BF209173C73A000677C82 /* BSTSlidingMenuDemo */,
			);
		};
/* End PBXProject section */

/* Begin PBXResourcesBuildPhase section */
		A47BF208173C73A000677C82 /* Resources */ = {
			isa = PBXResourcesBuildPhase;
			buildActionMask = 2147483647;
			files = (
				A47BF218173C73A000677C82 /* InfoPlist.strings in Resources */,
				A47BF220173C73A000677C82 /* Default.png in Resources */,
				A47BF222173C73A000677C82 /* Default@2x.png in Resources */,
				A47BF224173C73A000677C82 /* Default-568h@2x.png in Resources */,
				88B188AB173F335A0047FC44 /* LICENCE.txt in Resources */,
			);
			runOnlyForDeploymentPostprocessing = 0;
		};
/* End PBXResourcesBuildPhase section */

/* Begin PBXSourcesBuildPhase section */
		A47BF206173C73A000677C82 /* Sources */ = {
			isa = PBXSourcesBuildPhase;
			buildActionMask = 2147483647;
			files = (
				A47BF21E173C73A000677C82 /* BSTDemoAppDelegate.m in Sources */,
				A47BF230173C73D800677C82 /* BSTDemoViewController.m in Sources */,
				A47BF233173C74B300677C82 /* BSTSharingMenu.m in Sources */,
				A457AEF4173D958800272CEF /* BSTMenuPinnedLeftTopVC.m in Sources */,
				A457AEF7173D95A900272CEF /* BSTMenuPinnedRightTopVC.m in Sources */,
				A457AEFA173D98DF00272CEF /* BSTMenuPinnedLeftBottomVC.m in Sources */,
				A41AF728173EEEB9004D01B3 /* BSTMenuPinnedRightBottomVC.m in Sources */,
				8867DB11173F29010055C4C4 /* BSTSlidingMenuViewController.m in Sources */,
				8867DB16173F29BC0055C4C4 /* main.m in Sources */,
			);
			runOnlyForDeploymentPostprocessing = 0;
		};
/* End PBXSourcesBuildPhase section */

/* Begin PBXVariantGroup section */
		A47BF216173C73A000677C82 /* InfoPlist.strings */ = {
			isa = PBXVariantGroup;
			children = (
				A47BF217173C73A000677C82 /* en */,
			);
			name = InfoPlist.strings;
			sourceTree = "<group>";
		};
/* End PBXVariantGroup section */

/* Begin XCBuildConfiguration section */
		A47BF225173C73A000677C82 /* Debug */ = {
			isa = XCBuildConfiguration;
			baseConfigurationReference = 8867DB17173F2ADA0055C4C4 /* Debug.xcconfig */;
			buildSettings = {
			};
			name = Debug;
		};
		A47BF226173C73A000677C82 /* Release */ = {
			isa = XCBuildConfiguration;
			baseConfigurationReference = 8867DB18173F2ADA0055C4C4 /* Release.xcconfig */;
			buildSettings = {
				OTHER_CFLAGS = "-DNS_BLOCK_ASSERTIONS=1";
			};
			name = Release;
		};
		A47BF228173C73A000677C82 /* Debug */ = {
			isa = XCBuildConfiguration;
			baseConfigurationReference = 8867DB1D173F2B830055C4C4 /* Demo-App.xcconfig */;
			buildSettings = {
				PRODUCT_NAME = BSTSlidingMenuDemo;
				WRAPPER_EXTENSION = app;
			};
			name = Debug;
		};
		A47BF229173C73A000677C82 /* Release */ = {
			isa = XCBuildConfiguration;
			baseConfigurationReference = 8867DB1D173F2B830055C4C4 /* Demo-App.xcconfig */;
			buildSettings = {
				PRODUCT_NAME = BSTSlidingMenuDemo;
				WRAPPER_EXTENSION = app;
			};
			name = Release;
		};
/* End XCBuildConfiguration section */

/* Begin XCConfigurationList section */
		A47BF205173C73A000677C82 /* Build configuration list for PBXProject "BSTSlidingMenuDemo" */ = {
			isa = XCConfigurationList;
			buildConfigurations = (
				A47BF225173C73A000677C82 /* Debug */,
				A47BF226173C73A000677C82 /* Release */,
			);
			defaultConfigurationIsVisible = 0;
			defaultConfigurationName = Release;
		};
		A47BF227173C73A000677C82 /* Build configuration list for PBXNativeTarget "BSTSlidingMenuDemo" */ = {
			isa = XCConfigurationList;
			buildConfigurations = (
				A47BF228173C73A000677C82 /* Debug */,
				A47BF229173C73A000677C82 /* Release */,
			);
			defaultConfigurationIsVisible = 0;
			defaultConfigurationName = Release;
		};
/* End XCConfigurationList section */
	};
	rootObject = A47BF202173C73A000677C82 /* Project object */;
}
